{
  "version": 4,
  "terraform_version": "1.3.0",
  "serial": 13,
  "lineage": "df9f5bef-0d65-1f09-89b1-c198cf4b30b1",
  "outputs": {},
  "resources": [
    {
      "mode": "managed",
      "type": "yandex_compute_image",
      "name": "foo-image",
      "provider": "provider[\"registry.terraform.io/yandex-cloud/yandex\"]",
      "instances": [
        {
          "schema_version": 0,
          "attributes": {
            "created_at": "2022-06-25T18:27:48Z",
            "description": "",
            "family": "",
            "folder_id": "b1gfcufkavmok3el82oa",
            "id": "fd88cch6s0i8p2e8c2p8",
            "labels": null,
            "min_disk_size": 30,
            "name": "my-custom-image",
            "os_type": null,
            "pooled": false,
            "product_ids": [
              "f2e67tle2fuvb0siq2cj"
            ],
            "size": 17,
            "source_disk": null,
            "source_family": null,
            "source_image": "fd8hafusaj96qep5ub6h",
            "source_snapshot": null,
            "source_url": null,
            "status": "ready",
            "timeouts": null
          },
          "sensitive_attributes": [],
          "private": "eyJlMmJmYjczMC1lY2FhLTExZTYtOGY4OC0zNDM2M2JjN2M0YzAiOnsiY3JlYXRlIjozMDAwMDAwMDAwMDAsImRlbGV0ZSI6MzAwMDAwMDAwMDAwLCJ1cGRhdGUiOjMwMDAwMDAwMDAwMH19"
        }
      ]
    }
  ]
}
