{
  "version": 4,
  "terraform_version": "1.3.0",
  "serial": 4,
  "lineage": "11aafd3c-0a8c-cb6a-1864-94a8242099d4",
  "outputs": {},
  "resources": [
    {
      "mode": "managed",
      "type": "yandex_compute_instance",
      "name": "default",
      "provider": "provider[\"registry.terraform.io/yandex-cloud/yandex\"]",
      "instances": [
        {
          "index_key": 0,
          "schema_version": 1,
          "attributes": {
            "allow_recreate": null,
            "allow_stopping_for_update": null,
            "boot_disk": [
              {
                "auto_delete": true,
                "device_name": "fhmq7rhctug2g5okbmju",
                "disk_id": "fhmq7rhctug2g5okbmju",
                "initialize_params": [
                  {
                    "block_size": 4096,
                    "description": "",
                    "image_id": "fd8hafusaj96qep5ub6h",
                    "name": "",
                    "size": 30,
                    "snapshot_id": "",
                    "type": "network-hdd"
                  }
                ],
                "mode": "READ_WRITE"
              }
            ],
            "created_at": "2022-06-27T14:41:08Z",
            "description": "",
            "folder_id": "b1gfcufkavmok3el82oa",
            "fqdn": "fhmdvhml7j98h60ollph.auto.internal",
            "hostname": "fhmdvhml7j98h60ollph",
            "id": "fhmdvhml7j98h60ollph",
            "labels": null,
            "metadata": {
              "foo": "bar",
              "ssh-keys": "ubuntu:ssh-rsa AAAAB3NzaC1yc2EAAAADAQABAAABgQCvY7rMDMUnvFmofxXGdlMDUYXmmMXGwnQFN/aByNo0an82rEZunCP8O0g+zVH/sw1nTf9GNhOFJyDzXeC86g0STcyeqyY6yDvnDQGqKRYCX3sCrwNissS0P//+ExqnIZK7NDMm9Fq7Xq5vOhNXlJru8UZr6JHuXlY02F3z95a17YeNHRzzveFp+hzvG55ZomoDfevYbP5STSgK+cF4ogCb7tGtyAU0N17aGbrO3uHdBEXwrxoSUi8zQl9Stz7qTwHaFB2gfxc5fQpBIhNZ32OakQBY7qFfnPYnD8l/Qlym+hXpiQnXpPJDd+dMTOpYpKMqevuRUVLj/XFGXHww4G9hlYiYlkLFPYw5cvTzOgu29FFIhy2Y5D2BMjtM+J86APEcrxxdRdV+5grfpS+i7y/7dXKGSC0dFEpFplOMKsbRplcbRpXyIgu62mtS+ED29UXG+18YRly0W0Y02oLjILKIljH/su5q+jE6G44HvWke7Gcbh4ZTeNPH/WkL0Ng8ttc= quotermain@quotermain-desktop\n"
            },
            "name": "",
            "network_acceleration_type": "standard",
            "network_interface": [
              {
                "dns_record": [],
                "index": 0,
                "ip_address": "10.2.0.26",
                "ipv4": true,
                "ipv6": false,
                "ipv6_address": "",
                "ipv6_dns_record": [],
                "mac_address": "d0:0d:df:c6:d5:3c",
                "nat": true,
                "nat_dns_record": [],
                "nat_ip_address": "51.250.92.18",
                "nat_ip_version": "IPV4",
                "security_group_ids": [],
                "subnet_id": "e9bniq8alpso5cgvta13"
              }
            ],
            "placement_policy": [
              {
                "host_affinity_rules": [],
                "placement_group_id": ""
              }
            ],
            "platform_id": "standard-v1",
            "resources": [
              {
                "core_fraction": 100,
                "cores": 2,
                "gpus": 0,
                "memory": 4
              }
            ],
            "scheduling_policy": [
              {
                "preemptible": false
              }
            ],
            "secondary_disk": [],
            "service_account_id": "",
            "status": "running",
            "timeouts": null,
            "zone": "ru-central1-a"
          },
          "sensitive_attributes": [],
          "private": "eyJlMmJmYjczMC1lY2FhLTExZTYtOGY4OC0zNDM2M2JjN2M0YzAiOnsiY3JlYXRlIjozMDAwMDAwMDAwMDAsImRlbGV0ZSI6MzAwMDAwMDAwMDAwLCJ1cGRhdGUiOjMwMDAwMDAwMDAwMH0sInNjaGVtYV92ZXJzaW9uIjoiMSJ9",
          "dependencies": [
            "yandex_vpc_network.foo",
            "yandex_vpc_subnet.foo"
          ],
          "create_before_destroy": true
        }
      ]
    },
    {
      "mode": "managed",
      "type": "yandex_vpc_network",
      "name": "foo",
      "provider": "provider[\"registry.terraform.io/yandex-cloud/yandex\"]",
      "instances": [
        {
          "schema_version": 0,
          "attributes": {
            "created_at": "2022-06-27T14:41:03Z",
            "default_security_group_id": "",
            "description": "",
            "folder_id": "b1gfcufkavmok3el82oa",
            "id": "enpf3m7625thv70p0gdn",
            "labels": {},
            "name": "",
            "subnet_ids": [],
            "timeouts": null
          },
          "sensitive_attributes": [],
          "private": "eyJlMmJmYjczMC1lY2FhLTExZTYtOGY4OC0zNDM2M2JjN2M0YzAiOnsiY3JlYXRlIjo2MDAwMDAwMDAwMCwiZGVsZXRlIjo2MDAwMDAwMDAwMCwidXBkYXRlIjo2MDAwMDAwMDAwMH19",
          "create_before_destroy": true
        }
      ]
    },
    {
      "mode": "managed",
      "type": "yandex_vpc_subnet",
      "name": "foo",
      "provider": "provider[\"registry.terraform.io/yandex-cloud/yandex\"]",
      "instances": [
        {
          "schema_version": 0,
          "attributes": {
            "created_at": "2022-06-27T14:41:05Z",
            "description": "",
            "dhcp_options": [],
            "folder_id": "b1gfcufkavmok3el82oa",
            "id": "e9bniq8alpso5cgvta13",
            "labels": {},
            "name": "",
            "network_id": "enpf3m7625thv70p0gdn",
            "route_table_id": "",
            "timeouts": null,
            "v4_cidr_blocks": [
              "10.2.0.0/16"
            ],
            "v6_cidr_blocks": [],
            "zone": "ru-central1-a"
          },
          "sensitive_attributes": [],
          "private": "eyJlMmJmYjczMC1lY2FhLTExZTYtOGY4OC0zNDM2M2JjN2M0YzAiOnsiY3JlYXRlIjoxODAwMDAwMDAwMDAsImRlbGV0ZSI6MTgwMDAwMDAwMDAwLCJ1cGRhdGUiOjE4MDAwMDAwMDAwMH19",
          "dependencies": [
            "yandex_vpc_network.foo"
          ],
          "create_before_destroy": true
        }
      ]
    }
  ]
}
